
Microsoft Visual Studio Solution File, Format Version 12.00
# Visual Studio Version 17
VisualStudioVersion = 17.7.34031.279
MinimumVisualStudioVersion = 10.0.40219.1
Project("{FAE04EC0-301F-11D3-BF4B-00C04F79EFBC}") = "teklatweak", "teklatweak.csproj", "{ABEDECEF-09C8-4D29-96B0-DE59009D28CD}"
EndProject
Global
	GlobalSection(SolutionConfigurationPlatforms) = preSolution
		Debug|Any CPU = Debug|Any CPU
		Release|Any CPU = Release|Any CPU
	EndGlobalSection
	GlobalSection(ProjectConfigurationPlatforms) = postSolution
		{ABEDECEF-09C8-4D29-96B0-DE59009D28CD}.Debug|Any CPU.ActiveCfg = Debug|Any CPU
		{ABEDECEF-09C8-4D29-96B0-DE59009D28CD}.Debug|Any CPU.Build.0 = Debug|Any CPU
		{ABEDECEF-09C8-4D29-96B0-DE59009D28CD}.Release|Any CPU.ActiveCfg = Release|Any CPU
		{ABEDECEF-09C8-4D29-96B0-DE59009D28CD}.Release|Any CPU.Build.0 = Release|Any CPU
	EndGlobalSection
	GlobalSection(SolutionProperties) = preSolution
		HideSolutionNode = FALSE
	EndGlobalSection
	GlobalSection(ExtensibilityGlobals) = postSolution
		SolutionGuid = {0B946001-BC1B-4528-BD49-7D1E5AC073ED}
	EndGlobalSection
EndGlobal
